
Microsoft Visual Studio Solution File, Format Version 12.00
# Visual Studio Version 16
VisualStudioVersion = 16.0.32428.217
MinimumVisualStudioVersion = 10.0.40219.1
Project("{FAE04EC0-301F-11D3-BF4B-00C04F79EFBC}") = "WindowsFormsTEMP_C_a_F", "WindowsFormsTEMP_C_a_F\WindowsFormsTEMP_C_a_F.csproj", "{4806518C-D1E5-4E83-B76D-20B242473FA2}"
EndProject
Global
	GlobalSection(SolutionConfigurationPlatforms) = preSolution
		Debug|Any CPU = Debug|Any CPU
		Release|Any CPU = Release|Any CPU
	EndGlobalSection
	GlobalSection(ProjectConfigurationPlatforms) = postSolution
		{4806518C-D1E5-4E83-B76D-20B242473FA2}.Debug|Any CPU.ActiveCfg = Debug|Any CPU
		{4806518C-D1E5-4E83-B76D-20B242473FA2}.Debug|Any CPU.Build.0 = Debug|Any CPU
		{4806518C-D1E5-4E83-B76D-20B242473FA2}.Release|Any CPU.ActiveCfg = Release|Any CPU
		{4806518C-D1E5-4E83-B76D-20B242473FA2}.Release|Any CPU.Build.0 = Release|Any CPU
	EndGlobalSection
	GlobalSection(SolutionProperties) = preSolution
		HideSolutionNode = FALSE
	EndGlobalSection
	GlobalSection(ExtensibilityGlobals) = postSolution
		SolutionGuid = {10D64D45-6B7F-445E-95BF-0DCF84556DF8}
	EndGlobalSection
EndGlobal
